
Microsoft Visual Studio Solution File, Format Version 12.00
# Visual Studio Version 17
VisualStudioVersion = 17.10.34928.147
MinimumVisualStudioVersion = 10.0.40219.1
Project("{9A19103F-16F7-4668-BE54-9A1E7A4F7556}") = "LapShop", "LapShop.csproj", "{66D99D83-2D28-4861-8298-7F212BA5E511}"
EndProject
Project("{FAE04EC0-301F-11D3-BF4B-00C04F79EFBC}") = "Domains", "..\Domains\Domains.csproj", "{72C22B27-2F79-4DED-9477-27D5884EE6DE}"
EndProject
Project("{FAE04EC0-301F-11D3-BF4B-00C04F79EFBC}") = "BusinessLib", "..\BusinessLib\BusinessLib.csproj", "{99992FBC-2F67-4C80-ADCB-3A3C3F21B4C8}"
EndProject
Global
	GlobalSection(SolutionConfigurationPlatforms) = preSolution
		Debug|Any CPU = Debug|Any CPU
		Release|Any CPU = Release|Any CPU
	EndGlobalSection
	GlobalSection(ProjectConfigurationPlatforms) = postSolution
		{66D99D83-2D28-4861-8298-7F212BA5E511}.Debug|Any CPU.ActiveCfg = Debug|Any CPU
		{66D99D83-2D28-4861-8298-7F212BA5E511}.Debug|Any CPU.Build.0 = Debug|Any CPU
		{66D99D83-2D28-4861-8298-7F212BA5E511}.Release|Any CPU.ActiveCfg = Release|Any CPU
		{66D99D83-2D28-4861-8298-7F212BA5E511}.Release|Any CPU.Build.0 = Release|Any CPU
		{72C22B27-2F79-4DED-9477-27D5884EE6DE}.Debug|Any CPU.ActiveCfg = Debug|Any CPU
		{72C22B27-2F79-4DED-9477-27D5884EE6DE}.Debug|Any CPU.Build.0 = Debug|Any CPU
		{72C22B27-2F79-4DED-9477-27D5884EE6DE}.Release|Any CPU.ActiveCfg = Release|Any CPU
		{72C22B27-2F79-4DED-9477-27D5884EE6DE}.Release|Any CPU.Build.0 = Release|Any CPU
		{99992FBC-2F67-4C80-ADCB-3A3C3F21B4C8}.Debug|Any CPU.ActiveCfg = Debug|Any CPU
		{99992FBC-2F67-4C80-ADCB-3A3C3F21B4C8}.Debug|Any CPU.Build.0 = Debug|Any CPU
		{99992FBC-2F67-4C80-ADCB-3A3C3F21B4C8}.Release|Any CPU.ActiveCfg = Release|Any CPU
		{99992FBC-2F67-4C80-ADCB-3A3C3F21B4C8}.Release|Any CPU.Build.0 = Release|Any CPU
	EndGlobalSection
	GlobalSection(SolutionProperties) = preSolution
		HideSolutionNode = FALSE
	EndGlobalSection
	GlobalSection(ExtensibilityGlobals) = postSolution
		SolutionGuid = {9F0C49A2-B813-4F8C-993F-9D96A133AB47}
	EndGlobalSection
EndGlobal
